{
  "name": "serapis_root",
  "version": "1.0.0",
  "lockfileVersion": 1,
  "requires": true,
  "dependencies": {
    "bulma": {
      "version": "0.9.0",
      "resolved": "https://registry.npmjs.org/bulma/-/bulma-0.9.0.tgz",
      "integrity": "sha512-rV75CJkubNUroAt0qCRkjznZLoaXq/ctfMXsMvKSL84UetbSyx5REl96e8GoQ04G4Tkw0XF3STECffTOQrbzOQ=="
    },
    "bulma-helpers": {
      "version": "0.3.12",
      "resolved": "https://registry.npmjs.org/bulma-helpers/-/bulma-helpers-0.3.12.tgz",
      "integrity": "sha512-FHF3rYdVwn7cUE/u6zscozc38+JFBdcKM0d+WQf3btNs47zKStc2mabV3ab3WZ+gYU4a992Or0cCwA/2vkLJ0A=="
    }
  }
}
